
Microsoft Visual Studio Solution File, Format Version 12.00
# Visual Studio Version 16
VisualStudioVersion = 16.0.30611.23
MinimumVisualStudioVersion = 10.0.40219.1
Project("{FAE04EC0-301F-11D3-BF4B-00C04F79EFBC}") = "Sol_Demo", "Sol_Demo\Sol_Demo.csproj", "{08879731-D7EF-4905-B63E-FE40B07C5450}"
EndProject
Global
	GlobalSection(SolutionConfigurationPlatforms) = preSolution
		Debug|Any CPU = Debug|Any CPU
		Release|Any CPU = Release|Any CPU
	EndGlobalSection
	GlobalSection(ProjectConfigurationPlatforms) = postSolution
		{08879731-D7EF-4905-B63E-FE40B07C5450}.Debug|Any CPU.ActiveCfg = Debug|Any CPU
		{08879731-D7EF-4905-B63E-FE40B07C5450}.Debug|Any CPU.Build.0 = Debug|Any CPU
		{08879731-D7EF-4905-B63E-FE40B07C5450}.Release|Any CPU.ActiveCfg = Release|Any CPU
		{08879731-D7EF-4905-B63E-FE40B07C5450}.Release|Any CPU.Build.0 = Release|Any CPU
	EndGlobalSection
	GlobalSection(SolutionProperties) = preSolution
		HideSolutionNode = FALSE
	EndGlobalSection
	GlobalSection(ExtensibilityGlobals) = postSolution
		SolutionGuid = {30622D23-07C0-4376-A149-5FEE41C7F7D3}
	EndGlobalSection
EndGlobal
